// !$*UTF8*$!
{
	archiveVersion = 1;
	classes = {
	};
	objectVersion = 50;
	objects = {

/* Begin PBXBuildFile section */
		FA80331621C9B242005ADDB7 /* Assets.xcassets in Resources */ = {isa = PBXBuildFile; fileRef = FA80331521C9B242005ADDB7 /* Assets.xcassets */; };
		FAA81B3121AF669E00781299 /* MemeModel.swift in Sources */ = {isa = PBXBuildFile; fileRef = FAA81B3021AF669E00781299 /* MemeModel.swift */; };
		FAA81B3321B600F900781299 /* MemeCollectionViewCell.swift in Sources */ = {isa = PBXBuildFile; fileRef = FAA81B3221B600F900781299 /* MemeCollectionViewCell.swift */; };
		FAA81B3521B603B500781299 /* MemeTableViewController.swift in Sources */ = {isa = PBXBuildFile; fileRef = FAA81B3421B603B500781299 /* MemeTableViewController.swift */; };
		FAB411A021BF1B0D00096DBB /* MemeCollectionViewController.swift in Sources */ = {isa = PBXBuildFile; fileRef = FAB4119F21BF1B0D00096DBB /* MemeCollectionViewController.swift */; };
		FAB411A221BF1FD400096DBB /* MemeTableViewCell.swift in Sources */ = {isa = PBXBuildFile; fileRef = FAB411A121BF1FD400096DBB /* MemeTableViewCell.swift */; };
		FAB71790216C32B40063B38E /* AppDelegate.swift in Sources */ = {isa = PBXBuildFile; fileRef = FAB7178F216C32B40063B38E /* AppDelegate.swift */; };
		FAB71792216C32B40063B38E /* MemeEditorViewController.swift in Sources */ = {isa = PBXBuildFile; fileRef = FAB71791216C32B40063B38E /* MemeEditorViewController.swift */; };
		FAB71795216C32B40063B38E /* Main.storyboard in Resources */ = {isa = PBXBuildFile; fileRef = FAB71793216C32B40063B38E /* Main.storyboard */; };
		FAB7179A216C32B50063B38E /* LaunchScreen.storyboard in Resources */ = {isa = PBXBuildFile; fileRef = FAB71798216C32B50063B38E /* LaunchScreen.storyboard */; };
/* End PBXBuildFile section */

/* Begin PBXFileReference section */
		FA80331521C9B242005ADDB7 /* Assets.xcassets */ = {isa = PBXFileReference; lastKnownFileType = folder.assetcatalog; path = Assets.xcassets; sourceTree = "<group>"; };
		FAA81B3021AF669E00781299 /* MemeModel.swift */ = {isa = PBXFileReference; lastKnownFileType = sourcecode.swift; path = MemeModel.swift; sourceTree = "<group>"; };
		FAA81B3221B600F900781299 /* MemeCollectionViewCell.swift */ = {isa = PBXFileReference; lastKnownFileType = sourcecode.swift; path = MemeCollectionViewCell.swift; sourceTree = "<group>"; };
		FAA81B3421B603B500781299 /* MemeTableViewController.swift */ = {isa = PBXFileReference; lastKnownFileType = sourcecode.swift; path = MemeTableViewController.swift; sourceTree = "<group>"; };
		FAB4119F21BF1B0D00096DBB /* MemeCollectionViewController.swift */ = {isa = PBXFileReference; lastKnownFileType = sourcecode.swift; path = MemeCollectionViewController.swift; sourceTree = "<group>"; };
		FAB411A121BF1FD400096DBB /* MemeTableViewCell.swift */ = {isa = PBXFileReference; lastKnownFileType = sourcecode.swift; path = MemeTableViewCell.swift; sourceTree = "<group>"; };
		FAB7178C216C32B40063B38E /* Meme Me.app */ = {isa = PBXFileReference; explicitFileType = wrapper.application; includeInIndex = 0; path = "Meme Me.app"; sourceTree = BUILT_PRODUCTS_DIR; };
		FAB7178F216C32B40063B38E /* AppDelegate.swift */ = {isa = PBXFileReference; lastKnownFileType = sourcecode.swift; path = AppDelegate.swift; sourceTree = "<group>"; };
		FAB71791216C32B40063B38E /* MemeEditorViewController.swift */ = {isa = PBXFileReference; lastKnownFileType = sourcecode.swift; path = MemeEditorViewController.swift; sourceTree = "<group>"; };
		FAB71794216C32B40063B38E /* Base */ = {isa = PBXFileReference; lastKnownFileType = file.storyboard; name = Base; path = Base.lproj/Main.storyboard; sourceTree = "<group>"; };
		FAB71799216C32B50063B38E /* Base */ = {isa = PBXFileReference; lastKnownFileType = file.storyboard; name = Base; path = Base.lproj/LaunchScreen.storyboard; sourceTree = "<group>"; };
		FAB7179B216C32B50063B38E /* Info.plist */ = {isa = PBXFileReference; lastKnownFileType = text.plist.xml; path = Info.plist; sourceTree = "<group>"; };
/* End PBXFileReference section */

/* Begin PBXFrameworksBuildPhase section */
		FAB71789216C32B40063B38E /* Frameworks */ = {
			isa = PBXFrameworksBuildPhase;
			buildActionMask = 2147483647;
			files = (
			);
			runOnlyForDeploymentPostprocessing = 0;
		};
/* End PBXFrameworksBuildPhase section */

/* Begin PBXGroup section */
		FAA81B3621B61A1500781299 /* model */ = {
			isa = PBXGroup;
			children = (
				FAB411A121BF1FD400096DBB /* MemeTableViewCell.swift */,
				FAA81B3221B600F900781299 /* MemeCollectionViewCell.swift */,
				FAA81B3021AF669E00781299 /* MemeModel.swift */,
			);
			path = model;
			sourceTree = "<group>";
		};
		FAA81B3721B61A2300781299 /* controller */ = {
			isa = PBXGroup;
			children = (
				FAB4119F21BF1B0D00096DBB /* MemeCollectionViewController.swift */,
				FAB71791216C32B40063B38E /* MemeEditorViewController.swift */,
				FAA81B3421B603B500781299 /* MemeTableViewController.swift */,
			);
			path = controller;
			sourceTree = "<group>";
		};
		FAB71783216C32B40063B38E = {
			isa = PBXGroup;
			children = (
				FAB7178E216C32B40063B38E /* Meme Me */,
				FAB7178D216C32B40063B38E /* Products */,
			);
			sourceTree = "<group>";
		};
		FAB7178D216C32B40063B38E /* Products */ = {
			isa = PBXGroup;
			children = (
				FAB7178C216C32B40063B38E /* Meme Me.app */,
			);
			name = Products;
			sourceTree = "<group>";
		};
		FAB7178E216C32B40063B38E /* Meme Me */ = {
			isa = PBXGroup;
			children = (
				FAA81B3721B61A2300781299 /* controller */,
				FAA81B3621B61A1500781299 /* model */,
				FAB7178F216C32B40063B38E /* AppDelegate.swift */,
				FAB71793216C32B40063B38E /* Main.storyboard */,
				FA80331521C9B242005ADDB7 /* Assets.xcassets */,
				FAB71798216C32B50063B38E /* LaunchScreen.storyboard */,
				FAB7179B216C32B50063B38E /* Info.plist */,
			);
			path = "Meme Me";
			sourceTree = "<group>";
		};
/* End PBXGroup section */

/* Begin PBXNativeTarget section */
		FAB7178B216C32B40063B38E /* Meme Me */ = {
			isa = PBXNativeTarget;
			buildConfigurationList = FAB7179E216C32B50063B38E /* Build configuration list for PBXNativeTarget "Meme Me" */;
			buildPhases = (
				FAB71788216C32B40063B38E /* Sources */,
				FAB71789216C32B40063B38E /* Frameworks */,
				FAB7178A216C32B40063B38E /* Resources */,
			);
			buildRules = (
			);
			dependencies = (
			);
			name = "Meme Me";
			productName = "Meme Me";
			productReference = FAB7178C216C32B40063B38E /* Meme Me.app */;
			productType = "com.apple.product-type.application";
		};
/* End PBXNativeTarget section */

/* Begin PBXProject section */
		FAB71784216C32B40063B38E /* Project object */ = {
			isa = PBXProject;
			attributes = {
				LastSwiftUpdateCheck = 1000;
				LastUpgradeCheck = 1000;
				ORGANIZATIONNAME = "João Leite";
				TargetAttributes = {
					FAB7178B216C32B40063B38E = {
						CreatedOnToolsVersion = 10.0;
					};
				};
			};
			buildConfigurationList = FAB71787216C32B40063B38E /* Build configuration list for PBXProject "Meme Me" */;
			compatibilityVersion = "Xcode 9.3";
			developmentRegion = en;
			hasScannedForEncodings = 0;
			knownRegions = (
				en,
				Base,
			);
			mainGroup = FAB71783216C32B40063B38E;
			productRefGroup = FAB7178D216C32B40063B38E /* Products */;
			projectDirPath = "";
			projectRoot = "";
			targets = (
				FAB7178B216C32B40063B38E /* Meme Me */,
			);
		};
/* End PBXProject section */

/* Begin PBXResourcesBuildPhase section */
		FAB7178A216C32B40063B38E /* Resources */ = {
			isa = PBXResourcesBuildPhase;
			buildActionMask = 2147483647;
			files = (
				FAB7179A216C32B50063B38E /* LaunchScreen.storyboard in Resources */,
				FA80331621C9B242005ADDB7 /* Assets.xcassets in Resources */,
				FAB71795216C32B40063B38E /* Main.storyboard in Resources */,
			);
			runOnlyForDeploymentPostprocessing = 0;
		};
/* End PBXResourcesBuildPhase section */

/* Begin PBXSourcesBuildPhase section */
		FAB71788216C32B40063B38E /* Sources */ = {
			isa = PBXSourcesBuildPhase;
			buildActionMask = 2147483647;
			files = (
				FAB71792216C32B40063B38E /* MemeEditorViewController.swift in Sources */,
				FAA81B3121AF669E00781299 /* MemeModel.swift in Sources */,
				FAA81B3321B600F900781299 /* MemeCollectionViewCell.swift in Sources */,
				FAA81B3521B603B500781299 /* MemeTableViewController.swift in Sources */,
				FAB411A221BF1FD400096DBB /* MemeTableViewCell.swift in Sources */,
				FAB411A021BF1B0D00096DBB /* MemeCollectionViewController.swift in Sources */,
				FAB71790216C32B40063B38E /* AppDelegate.swift in Sources */,
			);
			runOnlyForDeploymentPostprocessing = 0;
		};
/* End PBXSourcesBuildPhase section */

/* Begin PBXVariantGroup section */
		FAB71793216C32B40063B38E /* Main.storyboard */ = {
			isa = PBXVariantGroup;
			children = (
				FAB71794216C32B40063B38E /* Base */,
			);
			name = Main.storyboard;
			sourceTree = "<group>";
		};
		FAB71798216C32B50063B38E /* LaunchScreen.storyboard */ = {
			isa = PBXVariantGroup;
			children = (
				FAB71799216C32B50063B38E /* Base */,
			);
			name = LaunchScreen.storyboard;
			sourceTree = "<group>";
		};
/* End PBXVariantGroup section */

/* Begin XCBuildConfiguration section */
		FAB7179C216C32B50063B38E /* Debug */ = {
			isa = XCBuildConfiguration;
			buildSettings = {
				ALWAYS_SEARCH_USER_PATHS = NO;
				CLANG_ANALYZER_NONNULL = YES;
				CLANG_ANALYZER_NUMBER_OBJECT_CONVERSION = YES_AGGRESSIVE;
				CLANG_CXX_LANGUAGE_STANDARD = "gnu++14";
				CLANG_CXX_LIBRARY = "libc++";
				CLANG_ENABLE_MODULES = YES;
				CLANG_ENABLE_OBJC_ARC = YES;
				CLANG_ENABLE_OBJC_WEAK = YES;
				CLANG_WARN_BLOCK_CAPTURE_AUTORELEASING = YES;
				CLANG_WARN_BOOL_CONVERSION = YES;
				CLANG_WARN_COMMA = YES;
				CLANG_WARN_CONSTANT_CONVERSION = YES;
				CLANG_WARN_DEPRECATED_OBJC_IMPLEMENTATIONS = YES;
				CLANG_WARN_DIRECT_OBJC_ISA_USAGE = YES_ERROR;
				CLANG_WARN_DOCUMENTATION_COMMENTS = YES;
				CLANG_WARN_EMPTY_BODY = YES;
				CLANG_WARN_ENUM_CONVERSION = YES;
				CLANG_WARN_INFINITE_RECURSION = YES;
				CLANG_WARN_INT_CONVERSION = YES;
				CLANG_WARN_NON_LITERAL_NULL_CONVERSION = YES;
				CLANG_WARN_OBJC_IMPLICIT_RETAIN_SELF = YES;
				CLANG_WARN_OBJC_LITERAL_CONVERSION = YES;
				CLANG_WARN_OBJC_ROOT_CLASS = YES_ERROR;
				CLANG_WARN_RANGE_LOOP_ANALYSIS = YES;
				CLANG_WARN_STRICT_PROTOTYPES = YES;
				CLANG_WARN_SUSPICIOUS_MOVE = YES;
				CLANG_WARN_UNGUARDED_AVAILABILITY = YES_AGGRESSIVE;
				CLANG_WARN_UNREACHABLE_CODE = YES;
				CLANG_WARN__DUPLICATE_METHOD_MATCH = YES;
				CODE_SIGN_IDENTITY = "iPhone Developer";
				COPY_PHASE_STRIP = NO;
				DEBUG_INFORMATION_FORMAT = dwarf;
				ENABLE_STRICT_OBJC_MSGSEND = YES;
				ENABLE_TESTABILITY = YES;
				GCC_C_LANGUAGE_STANDARD = gnu11;
				GCC_DYNAMIC_NO_PIC = NO;
				GCC_NO_COMMON_BLOCKS = YES;
				GCC_OPTIMIZATION_LEVEL = 0;
				GCC_PREPROCESSOR_DEFINITIONS = (
					"DEBUG=1",
					"$(inherited)",
				);
				GCC_WARN_64_TO_32_BIT_CONVERSION = YES;
				GCC_WARN_ABOUT_RETURN_TYPE = YES_ERROR;
				GCC_WARN_UNDECLARED_SELECTOR = YES;
				GCC_WARN_UNINITIALIZED_AUTOS = YES_AGGRESSIVE;
				GCC_WARN_UNUSED_FUNCTION = YES;
				GCC_WARN_UNUSED_VARIABLE = YES;
				IPHONEOS_DEPLOYMENT_TARGET = 12.0;
				MTL_ENABLE_DEBUG_INFO = INCLUDE_SOURCE;
				MTL_FAST_MATH = YES;
				ONLY_ACTIVE_ARCH = YES;
				SDKROOT = iphoneos;
				SWIFT_ACTIVE_COMPILATION_CONDITIONS = DEBUG;
				SWIFT_OPTIMIZATION_LEVEL = "-Onone";
			};
			name = Debug;
		};
		FAB7179D216C32B50063B38E /* Release */ = {
			isa = XCBuildConfiguration;
			buildSettings = {
				ALWAYS_SEARCH_USER_PATHS = NO;
				CLANG_ANALYZER_NONNULL = YES;
				CLANG_ANALYZER_NUMBER_OBJECT_CONVERSION = YES_AGGRESSIVE;
				CLANG_CXX_LANGUAGE_STANDARD = "gnu++14";
				CLANG_CXX_LIBRARY = "libc++";
				CLANG_ENABLE_MODULES = YES;
				CLANG_ENABLE_OBJC_ARC = YES;
				CLANG_ENABLE_OBJC_WEAK = YES;
				CLANG_WARN_BLOCK_CAPTURE_AUTORELEASING = YES;
				CLANG_WARN_BOOL_CONVERSION = YES;
				CLANG_WARN_COMMA = YES;
				CLANG_WARN_CONSTANT_CONVERSION = YES;
				CLANG_WARN_DEPRECATED_OBJC_IMPLEMENTATIONS = YES;
				CLANG_WARN_DIRECT_OBJC_ISA_USAGE = YES_ERROR;
				CLANG_WARN_DOCUMENTATION_COMMENTS = YES;
				CLANG_WARN_EMPTY_BODY = YES;
				CLANG_WARN_ENUM_CONVERSION = YES;
				CLANG_WARN_INFINITE_RECURSION = YES;
				CLANG_WARN_INT_CONVERSION = YES;
				CLANG_WARN_NON_LITERAL_NULL_CONVERSION = YES;
				CLANG_WARN_OBJC_IMPLICIT_RETAIN_SELF = YES;
				CLANG_WARN_OBJC_LITERAL_CONVERSION = YES;
				CLANG_WARN_OBJC_ROOT_CLASS = YES_ERROR;
				CLANG_WARN_RANGE_LOOP_ANALYSIS = YES;
				CLANG_WARN_STRICT_PROTOTYPES = YES;
				CLANG_WARN_SUSPICIOUS_MOVE = YES;
				CLANG_WARN_UNGUARDED_AVAILABILITY = YES_AGGRESSIVE;
				CLANG_WARN_UNREACHABLE_CODE = YES;
				CLANG_WARN__DUPLICATE_METHOD_MATCH = YES;
				CODE_SIGN_IDENTITY = "iPhone Developer";
				COPY_PHASE_STRIP = NO;
				DEBUG_INFORMATION_FORMAT = "dwarf-with-dsym";
				ENABLE_NS_ASSERTIONS = NO;
				ENABLE_STRICT_OBJC_MSGSEND = YES;
				GCC_C_LANGUAGE_STANDARD = gnu11;
				GCC_NO_COMMON_BLOCKS = YES;
				GCC_WARN_64_TO_32_BIT_CONVERSION = YES;
				GCC_WARN_ABOUT_RETURN_TYPE = YES_ERROR;
				GCC_WARN_UNDECLARED_SELECTOR = YES;
				GCC_WARN_UNINITIALIZED_AUTOS = YES_AGGRESSIVE;
				GCC_WARN_UNUSED_FUNCTION = YES;
				GCC_WARN_UNUSED_VARIABLE = YES;
				IPHONEOS_DEPLOYMENT_TARGET = 12.0;
				MTL_ENABLE_DEBUG_INFO = NO;
				MTL_FAST_MATH = YES;
				SDKROOT = iphoneos;
				SWIFT_COMPILATION_MODE = wholemodule;
				SWIFT_OPTIMIZATION_LEVEL = "-O";
				VALIDATE_PRODUCT = YES;
			};
			name = Release;
		};
		FAB7179F216C32B50063B38E /* Debug */ = {
			isa = XCBuildConfiguration;
			buildSettings = {
				ASSETCATALOG_COMPILER_APPICON_NAME = AppIcon;
				CODE_SIGN_STYLE = Automatic;
				DEVELOPMENT_TEAM = EMX5WZVKLF;
				INFOPLIST_FILE = "Meme Me/Info.plist";
				LD_RUNPATH_SEARCH_PATHS = (
					"$(inherited)",
					"@executable_path/Frameworks",
				);
				PRODUCT_BUNDLE_IDENTIFIER = "com.jpapps.Meme-Me";
				PRODUCT_NAME = "$(TARGET_NAME)";
				SWIFT_VERSION = 4.2;
				TARGETED_DEVICE_FAMILY = "1,2";
			};
			name = Debug;
		};
		FAB717A0216C32B50063B38E /* Release */ = {
			isa = XCBuildConfiguration;
			buildSettings = {
				ASSETCATALOG_COMPILER_APPICON_NAME = AppIcon;
				CODE_SIGN_STYLE = Automatic;
				DEVELOPMENT_TEAM = EMX5WZVKLF;
				INFOPLIST_FILE = "Meme Me/Info.plist";
				LD_RUNPATH_SEARCH_PATHS = (
					"$(inherited)",
					"@executable_path/Frameworks",
				);
				PRODUCT_BUNDLE_IDENTIFIER = "com.jpapps.Meme-Me";
				PRODUCT_NAME = "$(TARGET_NAME)";
				SWIFT_VERSION = 4.2;
				TARGETED_DEVICE_FAMILY = "1,2";
			};
			name = Release;
		};
/* End XCBuildConfiguration section */

/* Begin XCConfigurationList section */
		FAB71787216C32B40063B38E /* Build configuration list for PBXProject "Meme Me" */ = {
			isa = XCConfigurationList;
			buildConfigurations = (
				FAB7179C216C32B50063B38E /* Debug */,
				FAB7179D216C32B50063B38E /* Release */,
			);
			defaultConfigurationIsVisible = 0;
			defaultConfigurationName = Release;
		};
		FAB7179E216C32B50063B38E /* Build configuration list for PBXNativeTarget "Meme Me" */ = {
			isa = XCConfigurationList;
			buildConfigurations = (
				FAB7179F216C32B50063B38E /* Debug */,
				FAB717A0216C32B50063B38E /* Release */,
			);
			defaultConfigurationIsVisible = 0;
			defaultConfigurationName = Release;
		};
/* End XCConfigurationList section */
	};
	rootObject = FAB71784216C32B40063B38E /* Project object */;
}
